// !$*UTF8*$!
{
	archiveVersion = 1;
	classes = {
	};
	objectVersion = 46;
	objects = {

/* Begin PBXFileReference section */
		2F76C1A41947EE2C00FBFA3D /* MDNetworking.swift */ = {isa = PBXFileReference; lastKnownFileType = sourcecode.swift; path = MDNetworking.swift; sourceTree = "<group>"; };
		2F76C1A51947EE2C00FBFA3D /* MDURL.swift */ = {isa = PBXFileReference; lastKnownFileType = sourcecode.swift; path = MDURL.swift; sourceTree = "<group>"; };
		2F76C1A61947EE2C00FBFA3D /* MDURLRequest.swift */ = {isa = PBXFileReference; lastKnownFileType = sourcecode.swift; path = MDURLRequest.swift; sourceTree = "<group>"; };
		2F76C1A71947EE2C00FBFA3D /* README.md */ = {isa = PBXFileReference; lastKnownFileType = net.daringfireball.markdown; path = README.md; sourceTree = "<group>"; };
/* End PBXFileReference section */

/* Begin PBXGroup section */
		2F76C19D1947EDF900FBFA3D = {
			isa = PBXGroup;
			children = (
				2F76C1A41947EE2C00FBFA3D /* MDNetworking.swift */,
				2F76C1A51947EE2C00FBFA3D /* MDURL.swift */,
				2F76C1A61947EE2C00FBFA3D /* MDURLRequest.swift */,
				2F76C1A71947EE2C00FBFA3D /* README.md */,
			);
			sourceTree = "<group>";
		};
/* End PBXGroup section */

/* Begin PBXProject section */
		2F76C19E1947EDF900FBFA3D /* Project object */ = {
			isa = PBXProject;
			attributes = {
				LastUpgradeCheck = 0600;
			};
			buildConfigurationList = 2F76C1A11947EDF900FBFA3D /* Build configuration list for PBXProject "MDNetworking" */;
			compatibilityVersion = "Xcode 3.2";
			developmentRegion = English;
			hasScannedForEncodings = 0;
			knownRegions = (
				en,
			);
			mainGroup = 2F76C19D1947EDF900FBFA3D;
			projectDirPath = "";
			projectRoot = "";
			targets = (
			);
		};
/* End PBXProject section */

/* Begin XCBuildConfiguration section */
		2F76C1A21947EDF900FBFA3D /* Debug */ = {
			isa = XCBuildConfiguration;
			buildSettings = {
			};
			name = Debug;
		};
		2F76C1A31947EDF900FBFA3D /* Release */ = {
			isa = XCBuildConfiguration;
			buildSettings = {
			};
			name = Release;
		};
/* End XCBuildConfiguration section */

/* Begin XCConfigurationList section */
		2F76C1A11947EDF900FBFA3D /* Build configuration list for PBXProject "MDNetworking" */ = {
			isa = XCConfigurationList;
			buildConfigurations = (
				2F76C1A21947EDF900FBFA3D /* Debug */,
				2F76C1A31947EDF900FBFA3D /* Release */,
			);
			defaultConfigurationIsVisible = 0;
			defaultConfigurationName = Release;
		};
/* End XCConfigurationList section */
	};
	rootObject = 2F76C19E1947EDF900FBFA3D /* Project object */;
}
